
Microsoft Visual Studio Solution File, Format Version 12.00
# Visual Studio 15
VisualStudioVersion = 15.0.26430.12
MinimumVisualStudioVersion = 10.0.40219.1
Project("{2150E333-8FDC-42A3-9474-1A3956D46DE8}") = "Backend", "Backend", "{658E973E-0899-4745-815C-37F35676A77B}"
EndProject
Project("{2150E333-8FDC-42A3-9474-1A3956D46DE8}") = "Mobile", "Mobile", "{D351CF5A-FF3B-4ADD-9AA3-A59DBA0FD8A9}"
EndProject
Project("{FAE04EC0-301F-11D3-BF4B-00C04F79EFBC}") = "Insane.PushSample.Backend", "Insane.PushSample.Backend\Insane.PushSample.Backend.csproj", "{C00D4922-9149-4CAC-8527-7288622E562B}"
EndProject
Global
	GlobalSection(SolutionConfigurationPlatforms) = preSolution
		Debug|Any CPU = Debug|Any CPU
		Release|Any CPU = Release|Any CPU
	EndGlobalSection
	GlobalSection(ProjectConfigurationPlatforms) = postSolution
		{C00D4922-9149-4CAC-8527-7288622E562B}.Debug|Any CPU.ActiveCfg = Debug|Any CPU
		{C00D4922-9149-4CAC-8527-7288622E562B}.Debug|Any CPU.Build.0 = Debug|Any CPU
		{C00D4922-9149-4CAC-8527-7288622E562B}.Release|Any CPU.ActiveCfg = Release|Any CPU
		{C00D4922-9149-4CAC-8527-7288622E562B}.Release|Any CPU.Build.0 = Release|Any CPU
	EndGlobalSection
	GlobalSection(SolutionProperties) = preSolution
		HideSolutionNode = FALSE
	EndGlobalSection
	GlobalSection(NestedProjects) = preSolution
		{C00D4922-9149-4CAC-8527-7288622E562B} = {658E973E-0899-4745-815C-37F35676A77B}
	EndGlobalSection
EndGlobal
