
Microsoft Visual Studio Solution File, Format Version 12.00
# Visual Studio 15
VisualStudioVersion = 15.0.26430.12
MinimumVisualStudioVersion = 10.0.40219.1
Project("{2150E333-8FDC-42A3-9474-1A3956D46DE8}") = "Samples", "Samples", "{A5888DD9-7661-4B7C-9614-6B1DFA1ED7D3}"
EndProject
Project("{2150E333-8FDC-42A3-9474-1A3956D46DE8}") = "nuspec", "nuspec", "{3C91ECAD-C8E1-4971-A484-63CCF39AD650}"
	ProjectSection(SolutionItems) = preProject
		nuspec\InsaneNotifications.Droid.GCM.nuspec = nuspec\InsaneNotifications.Droid.GCM.nuspec
		nuspec\InsaneNotifications.Droid.Local.nuspec = nuspec\InsaneNotifications.Droid.Local.nuspec
		nuspec\InsaneNotifications.Droid.MvxGCM.nuspec = nuspec\InsaneNotifications.Droid.MvxGCM.nuspec
		nuspec\InsaneNotifications.Droid.nuspec = nuspec\InsaneNotifications.Droid.nuspec
		nuspec\InsaneNotifications.iOS.nuspec = nuspec\InsaneNotifications.iOS.nuspec
		nuspec\InsaneNotifications.nuspec = nuspec\InsaneNotifications.nuspec
		nuspec\InsaneNotifications.UWP.nuspec = nuspec\InsaneNotifications.UWP.nuspec
	EndProjectSection
EndProject
Project("{2150E333-8FDC-42A3-9474-1A3956D46DE8}") = "Core", "Core", "{68680D7D-8CEC-4FFA-8965-73C6940E4E96}"
EndProject
Project("{2150E333-8FDC-42A3-9474-1A3956D46DE8}") = "Droid", "Droid", "{D6A7696C-0577-4050-9452-2AD84BFE57B7}"
EndProject
Project("{2150E333-8FDC-42A3-9474-1A3956D46DE8}") = "Implementations", "Implementations", "{7353CFB5-B69E-4C7A-A034-E935C1C1977B}"
EndProject
Project("{2150E333-8FDC-42A3-9474-1A3956D46DE8}") = "Droid", "Droid", "{1BFF5513-5D79-4630-AD32-107B41B19AC8}"
EndProject
Project("{2150E333-8FDC-42A3-9474-1A3956D46DE8}") = "Portable", "Portable", "{A34C8EC9-33AD-4F1A-8E0F-F6BC4C2EAE45}"
EndProject
Project("{2150E333-8FDC-42A3-9474-1A3956D46DE8}") = "iOS", "iOS", "{663CB275-40CB-4EAC-AFDC-DAA4960A24BB}"
EndProject
Project("{FAE04EC0-301F-11D3-BF4B-00C04F79EFBC}") = "InsaneNotifications", "Core\Insane.Notifications\InsaneNotifications.csproj", "{B3F139BD-B111-4C2A-AB5C-4EA65F23365F}"
EndProject
Project("{FAE04EC0-301F-11D3-BF4B-00C04F79EFBC}") = "InsaneNotifications.Droid", "Core\Insane.Notifications.Droid\InsaneNotifications.Droid.csproj", "{CBA10E8C-5A35-433A-9516-841861BA88B1}"
EndProject
Project("{FAE04EC0-301F-11D3-BF4B-00C04F79EFBC}") = "InsaneNotifications.IOS", "Core\Insane.Notifications.iOS\InsaneNotifications.IOS.csproj", "{7C34C763-0F64-449B-8A78-14D0A4917D49}"
EndProject
Project("{FAE04EC0-301F-11D3-BF4B-00C04F79EFBC}") = "InsaneNotifications.UWP", "Core\Insane.Notifications.UWP\InsaneNotifications.UWP.csproj", "{D6481DF7-4944-4C34-9C17-03A8BBCF8491}"
EndProject
Project("{FAE04EC0-301F-11D3-BF4B-00C04F79EFBC}") = "Insane.Notifications.Samples.Droid", "Samples\Insane.Notifications.Samples.Droid\Insane.Notifications.Samples.Droid.csproj", "{22CBB051-2527-4C57-9798-943521076415}"
EndProject
Project("{FAE04EC0-301F-11D3-BF4B-00C04F79EFBC}") = "Insane.Notifications.Samples.iOS", "Samples\Insane.Notifications.Samples.iOS\Insane.Notifications.Samples.iOS.csproj", "{C8A3721B-DB4C-4725-B998-9AE90B280048}"
EndProject
Project("{FAE04EC0-301F-11D3-BF4B-00C04F79EFBC}") = "Insane.Notifications.Sample.Portable", "Samples\Insane.Notifications.Sample.Portable\Insane.Notifications.Sample.Portable.csproj", "{11FB2A36-E584-49E7-8688-AA1B6526BA91}"
EndProject
Project("{FAE04EC0-301F-11D3-BF4B-00C04F79EFBC}") = "Insane.Notifications.Droid.Local", "Implementations\Droid.LocalNotifications\Insane.Notifications.Droid.Local.csproj", "{C85BBFCF-8F67-443B-A3EB-AF64A2A9A527}"
EndProject
Project("{FAE04EC0-301F-11D3-BF4B-00C04F79EFBC}") = "Insane.Notifications.PushSample.Droid", "Samples\Insane.Notifications.Samples.Droid\Insane.Notifications.PushSample.Droid\Insane.Notifications.PushSample.Droid.csproj", "{02BC4E8D-87C9-4D47-BAC3-1B5C4E22270B}"
EndProject
Project("{FAE04EC0-301F-11D3-BF4B-00C04F79EFBC}") = "Insane.Notifications.PushSample.iOS", "Samples\Insane.Notifications.Samples.iOS\Insane.Notifications.PushSample.iOS\Insane.Notifications.PushSample.iOS.csproj", "{A1D37AEF-5A9B-4184-84E3-02828764A369}"
EndProject
Project("{FAE04EC0-301F-11D3-BF4B-00C04F79EFBC}") = "Insane.Notifications.PushSample.Portable", "Samples\Insane.Notifications.Sample.Portable\Insane.Notifications.PushSample.Portable\Insane.Notifications.PushSample.Portable.csproj", "{83C1F64B-22F2-4FEA-9A8C-0450521196D7}"
EndProject
Project("{FAE04EC0-301F-11D3-BF4B-00C04F79EFBC}") = "Insane.Notifications.Droid.MvxGCM", "Implementations\Insane.Notifications.Droid.MvxGCM\Insane.Notifications.Droid.MvxGCM.csproj", "{D39790C7-AC7D-4BD8-8054-50455014FBC4}"
EndProject
Project("{FAE04EC0-301F-11D3-BF4B-00C04F79EFBC}") = "InsaneNotifications.Droid.GCM", "Implementations\Droid.GCM\InsaneNotifications.Droid.GCM.csproj", "{C44D8304-C3EB-4CBA-A74F-04566474F377}"
EndProject
Project("{FAE04EC0-301F-11D3-BF4B-00C04F79EFBC}") = "Insane.Notifications.Droid.MvxLocal", "Implementations\Insane.Notifications.Droid.MvxLocal\Insane.Notifications.Droid.MvxLocal.csproj", "{7BCDDD8D-1E71-404C-B870-6601B37EBDF5}"
EndProject
Project("{2150E333-8FDC-42A3-9474-1A3956D46DE8}") = "UWP", "UWP", "{B8712E4D-BEF0-443E-992C-C0138CFD35A9}"
EndProject
Project("{FAE04EC0-301F-11D3-BF4B-00C04F79EFBC}") = "Insane.Notifications.PushSample.UWP", "Insane.Notifications.PushSample.UWP\Insane.Notifications.PushSample.UWP.csproj", "{A7993891-5CFE-44DF-BB60-ADF7F0DCC4DE}"
EndProject
Global
	GlobalSection(SolutionConfigurationPlatforms) = preSolution
		Debug|Any CPU = Debug|Any CPU
		Debug|ARM = Debug|ARM
		Debug|iPhone = Debug|iPhone
		Debug|iPhoneSimulator = Debug|iPhoneSimulator
		Debug|x64 = Debug|x64
		Debug|x86 = Debug|x86
		Release|Any CPU = Release|Any CPU
		Release|ARM = Release|ARM
		Release|iPhone = Release|iPhone
		Release|iPhoneSimulator = Release|iPhoneSimulator
		Release|x64 = Release|x64
		Release|x86 = Release|x86
	EndGlobalSection
	GlobalSection(ProjectConfigurationPlatforms) = postSolution
		{B3F139BD-B111-4C2A-AB5C-4EA65F23365F}.Debug|Any CPU.ActiveCfg = Debug|Any CPU
		{B3F139BD-B111-4C2A-AB5C-4EA65F23365F}.Debug|Any CPU.Build.0 = Debug|Any CPU
		{B3F139BD-B111-4C2A-AB5C-4EA65F23365F}.Debug|ARM.ActiveCfg = Debug|Any CPU
		{B3F139BD-B111-4C2A-AB5C-4EA65F23365F}.Debug|ARM.Build.0 = Debug|Any CPU
		{B3F139BD-B111-4C2A-AB5C-4EA65F23365F}.Debug|iPhone.ActiveCfg = Debug|Any CPU
		{B3F139BD-B111-4C2A-AB5C-4EA65F23365F}.Debug|iPhone.Build.0 = Debug|Any CPU
		{B3F139BD-B111-4C2A-AB5C-4EA65F23365F}.Debug|iPhoneSimulator.ActiveCfg = Debug|Any CPU
		{B3F139BD-B111-4C2A-AB5C-4EA65F23365F}.Debug|iPhoneSimulator.Build.0 = Debug|Any CPU
		{B3F139BD-B111-4C2A-AB5C-4EA65F23365F}.Debug|x64.ActiveCfg = Debug|Any CPU
		{B3F139BD-B111-4C2A-AB5C-4EA65F23365F}.Debug|x64.Build.0 = Debug|Any CPU
		{B3F139BD-B111-4C2A-AB5C-4EA65F23365F}.Debug|x86.ActiveCfg = Debug|Any CPU
		{B3F139BD-B111-4C2A-AB5C-4EA65F23365F}.Debug|x86.Build.0 = Debug|Any CPU
		{B3F139BD-B111-4C2A-AB5C-4EA65F23365F}.Release|Any CPU.ActiveCfg = Release|Any CPU
		{B3F139BD-B111-4C2A-AB5C-4EA65F23365F}.Release|Any CPU.Build.0 = Release|Any CPU
		{B3F139BD-B111-4C2A-AB5C-4EA65F23365F}.Release|ARM.ActiveCfg = Release|Any CPU
		{B3F139BD-B111-4C2A-AB5C-4EA65F23365F}.Release|ARM.Build.0 = Release|Any CPU
		{B3F139BD-B111-4C2A-AB5C-4EA65F23365F}.Release|iPhone.ActiveCfg = Release|Any CPU
		{B3F139BD-B111-4C2A-AB5C-4EA65F23365F}.Release|iPhone.Build.0 = Release|Any CPU
		{B3F139BD-B111-4C2A-AB5C-4EA65F23365F}.Release|iPhoneSimulator.ActiveCfg = Release|Any CPU
		{B3F139BD-B111-4C2A-AB5C-4EA65F23365F}.Release|iPhoneSimulator.Build.0 = Release|Any CPU
		{B3F139BD-B111-4C2A-AB5C-4EA65F23365F}.Release|x64.ActiveCfg = Release|Any CPU
		{B3F139BD-B111-4C2A-AB5C-4EA65F23365F}.Release|x64.Build.0 = Release|Any CPU
		{B3F139BD-B111-4C2A-AB5C-4EA65F23365F}.Release|x86.ActiveCfg = Release|Any CPU
		{B3F139BD-B111-4C2A-AB5C-4EA65F23365F}.Release|x86.Build.0 = Release|Any CPU
		{CBA10E8C-5A35-433A-9516-841861BA88B1}.Debug|Any CPU.ActiveCfg = Debug|Any CPU
		{CBA10E8C-5A35-433A-9516-841861BA88B1}.Debug|Any CPU.Build.0 = Debug|Any CPU
		{CBA10E8C-5A35-433A-9516-841861BA88B1}.Debug|ARM.ActiveCfg = Debug|Any CPU
		{CBA10E8C-5A35-433A-9516-841861BA88B1}.Debug|ARM.Build.0 = Debug|Any CPU
		{CBA10E8C-5A35-433A-9516-841861BA88B1}.Debug|iPhone.ActiveCfg = Debug|Any CPU
		{CBA10E8C-5A35-433A-9516-841861BA88B1}.Debug|iPhone.Build.0 = Debug|Any CPU
		{CBA10E8C-5A35-433A-9516-841861BA88B1}.Debug|iPhoneSimulator.ActiveCfg = Debug|Any CPU
		{CBA10E8C-5A35-433A-9516-841861BA88B1}.Debug|iPhoneSimulator.Build.0 = Debug|Any CPU
		{CBA10E8C-5A35-433A-9516-841861BA88B1}.Debug|x64.ActiveCfg = Debug|Any CPU
		{CBA10E8C-5A35-433A-9516-841861BA88B1}.Debug|x64.Build.0 = Debug|Any CPU
		{CBA10E8C-5A35-433A-9516-841861BA88B1}.Debug|x86.ActiveCfg = Debug|Any CPU
		{CBA10E8C-5A35-433A-9516-841861BA88B1}.Debug|x86.Build.0 = Debug|Any CPU
		{CBA10E8C-5A35-433A-9516-841861BA88B1}.Release|Any CPU.ActiveCfg = Release|Any CPU
		{CBA10E8C-5A35-433A-9516-841861BA88B1}.Release|Any CPU.Build.0 = Release|Any CPU
		{CBA10E8C-5A35-433A-9516-841861BA88B1}.Release|ARM.ActiveCfg = Release|Any CPU
		{CBA10E8C-5A35-433A-9516-841861BA88B1}.Release|ARM.Build.0 = Release|Any CPU
		{CBA10E8C-5A35-433A-9516-841861BA88B1}.Release|iPhone.ActiveCfg = Release|Any CPU
		{CBA10E8C-5A35-433A-9516-841861BA88B1}.Release|iPhone.Build.0 = Release|Any CPU
		{CBA10E8C-5A35-433A-9516-841861BA88B1}.Release|iPhoneSimulator.ActiveCfg = Release|Any CPU
		{CBA10E8C-5A35-433A-9516-841861BA88B1}.Release|iPhoneSimulator.Build.0 = Release|Any CPU
		{CBA10E8C-5A35-433A-9516-841861BA88B1}.Release|x64.ActiveCfg = Release|Any CPU
		{CBA10E8C-5A35-433A-9516-841861BA88B1}.Release|x64.Build.0 = Release|Any CPU
		{CBA10E8C-5A35-433A-9516-841861BA88B1}.Release|x86.ActiveCfg = Release|Any CPU
		{CBA10E8C-5A35-433A-9516-841861BA88B1}.Release|x86.Build.0 = Release|Any CPU
		{7C34C763-0F64-449B-8A78-14D0A4917D49}.Debug|Any CPU.ActiveCfg = Debug|Any CPU
		{7C34C763-0F64-449B-8A78-14D0A4917D49}.Debug|Any CPU.Build.0 = Debug|Any CPU
		{7C34C763-0F64-449B-8A78-14D0A4917D49}.Debug|ARM.ActiveCfg = Debug|Any CPU
		{7C34C763-0F64-449B-8A78-14D0A4917D49}.Debug|ARM.Build.0 = Debug|Any CPU
		{7C34C763-0F64-449B-8A78-14D0A4917D49}.Debug|iPhone.ActiveCfg = Debug|Any CPU
		{7C34C763-0F64-449B-8A78-14D0A4917D49}.Debug|iPhone.Build.0 = Debug|Any CPU
		{7C34C763-0F64-449B-8A78-14D0A4917D49}.Debug|iPhoneSimulator.ActiveCfg = Debug|Any CPU
		{7C34C763-0F64-449B-8A78-14D0A4917D49}.Debug|iPhoneSimulator.Build.0 = Debug|Any CPU
		{7C34C763-0F64-449B-8A78-14D0A4917D49}.Debug|x64.ActiveCfg = Debug|Any CPU
		{7C34C763-0F64-449B-8A78-14D0A4917D49}.Debug|x64.Build.0 = Debug|Any CPU
		{7C34C763-0F64-449B-8A78-14D0A4917D49}.Debug|x86.ActiveCfg = Debug|Any CPU
		{7C34C763-0F64-449B-8A78-14D0A4917D49}.Debug|x86.Build.0 = Debug|Any CPU
		{7C34C763-0F64-449B-8A78-14D0A4917D49}.Release|Any CPU.ActiveCfg = Release|Any CPU
		{7C34C763-0F64-449B-8A78-14D0A4917D49}.Release|Any CPU.Build.0 = Release|Any CPU
		{7C34C763-0F64-449B-8A78-14D0A4917D49}.Release|ARM.ActiveCfg = Release|Any CPU
		{7C34C763-0F64-449B-8A78-14D0A4917D49}.Release|ARM.Build.0 = Release|Any CPU
		{7C34C763-0F64-449B-8A78-14D0A4917D49}.Release|iPhone.ActiveCfg = Release|Any CPU
		{7C34C763-0F64-449B-8A78-14D0A4917D49}.Release|iPhone.Build.0 = Release|Any CPU
		{7C34C763-0F64-449B-8A78-14D0A4917D49}.Release|iPhoneSimulator.ActiveCfg = Release|Any CPU
		{7C34C763-0F64-449B-8A78-14D0A4917D49}.Release|iPhoneSimulator.Build.0 = Release|Any CPU
		{7C34C763-0F64-449B-8A78-14D0A4917D49}.Release|x64.ActiveCfg = Release|Any CPU
		{7C34C763-0F64-449B-8A78-14D0A4917D49}.Release|x64.Build.0 = Release|Any CPU
		{7C34C763-0F64-449B-8A78-14D0A4917D49}.Release|x86.ActiveCfg = Release|Any CPU
		{7C34C763-0F64-449B-8A78-14D0A4917D49}.Release|x86.Build.0 = Release|Any CPU
		{D6481DF7-4944-4C34-9C17-03A8BBCF8491}.Debug|Any CPU.ActiveCfg = Debug|Any CPU
		{D6481DF7-4944-4C34-9C17-03A8BBCF8491}.Debug|Any CPU.Build.0 = Debug|Any CPU
		{D6481DF7-4944-4C34-9C17-03A8BBCF8491}.Debug|ARM.ActiveCfg = Debug|ARM
		{D6481DF7-4944-4C34-9C17-03A8BBCF8491}.Debug|ARM.Build.0 = Debug|ARM
		{D6481DF7-4944-4C34-9C17-03A8BBCF8491}.Debug|iPhone.ActiveCfg = Debug|Any CPU
		{D6481DF7-4944-4C34-9C17-03A8BBCF8491}.Debug|iPhone.Build.0 = Debug|Any CPU
		{D6481DF7-4944-4C34-9C17-03A8BBCF8491}.Debug|iPhoneSimulator.ActiveCfg = Debug|Any CPU
		{D6481DF7-4944-4C34-9C17-03A8BBCF8491}.Debug|iPhoneSimulator.Build.0 = Debug|Any CPU
		{D6481DF7-4944-4C34-9C17-03A8BBCF8491}.Debug|x64.ActiveCfg = Debug|x64
		{D6481DF7-4944-4C34-9C17-03A8BBCF8491}.Debug|x64.Build.0 = Debug|x64
		{D6481DF7-4944-4C34-9C17-03A8BBCF8491}.Debug|x86.ActiveCfg = Debug|x86
		{D6481DF7-4944-4C34-9C17-03A8BBCF8491}.Debug|x86.Build.0 = Debug|x86
		{D6481DF7-4944-4C34-9C17-03A8BBCF8491}.Release|Any CPU.ActiveCfg = Release|Any CPU
		{D6481DF7-4944-4C34-9C17-03A8BBCF8491}.Release|Any CPU.Build.0 = Release|Any CPU
		{D6481DF7-4944-4C34-9C17-03A8BBCF8491}.Release|ARM.ActiveCfg = Release|ARM
		{D6481DF7-4944-4C34-9C17-03A8BBCF8491}.Release|ARM.Build.0 = Release|ARM
		{D6481DF7-4944-4C34-9C17-03A8BBCF8491}.Release|iPhone.ActiveCfg = Release|Any CPU
		{D6481DF7-4944-4C34-9C17-03A8BBCF8491}.Release|iPhone.Build.0 = Release|Any CPU
		{D6481DF7-4944-4C34-9C17-03A8BBCF8491}.Release|iPhoneSimulator.ActiveCfg = Release|Any CPU
		{D6481DF7-4944-4C34-9C17-03A8BBCF8491}.Release|iPhoneSimulator.Build.0 = Release|Any CPU
		{D6481DF7-4944-4C34-9C17-03A8BBCF8491}.Release|x64.ActiveCfg = Release|x64
		{D6481DF7-4944-4C34-9C17-03A8BBCF8491}.Release|x64.Build.0 = Release|x64
		{D6481DF7-4944-4C34-9C17-03A8BBCF8491}.Release|x86.ActiveCfg = Release|x86
		{D6481DF7-4944-4C34-9C17-03A8BBCF8491}.Release|x86.Build.0 = Release|x86
		{22CBB051-2527-4C57-9798-943521076415}.Debug|Any CPU.ActiveCfg = Debug|Any CPU
		{22CBB051-2527-4C57-9798-943521076415}.Debug|Any CPU.Build.0 = Debug|Any CPU
		{22CBB051-2527-4C57-9798-943521076415}.Debug|ARM.ActiveCfg = Debug|Any CPU
		{22CBB051-2527-4C57-9798-943521076415}.Debug|ARM.Build.0 = Debug|Any CPU
		{22CBB051-2527-4C57-9798-943521076415}.Debug|ARM.Deploy.0 = Debug|Any CPU
		{22CBB051-2527-4C57-9798-943521076415}.Debug|iPhone.ActiveCfg = Debug|Any CPU
		{22CBB051-2527-4C57-9798-943521076415}.Debug|iPhone.Build.0 = Debug|Any CPU
		{22CBB051-2527-4C57-9798-943521076415}.Debug|iPhoneSimulator.ActiveCfg = Debug|Any CPU
		{22CBB051-2527-4C57-9798-943521076415}.Debug|iPhoneSimulator.Build.0 = Debug|Any CPU
		{22CBB051-2527-4C57-9798-943521076415}.Debug|x64.ActiveCfg = Debug|Any CPU
		{22CBB051-2527-4C57-9798-943521076415}.Debug|x64.Build.0 = Debug|Any CPU
		{22CBB051-2527-4C57-9798-943521076415}.Debug|x64.Deploy.0 = Debug|Any CPU
		{22CBB051-2527-4C57-9798-943521076415}.Debug|x86.ActiveCfg = Debug|Any CPU
		{22CBB051-2527-4C57-9798-943521076415}.Debug|x86.Build.0 = Debug|Any CPU
		{22CBB051-2527-4C57-9798-943521076415}.Debug|x86.Deploy.0 = Debug|Any CPU
		{22CBB051-2527-4C57-9798-943521076415}.Release|Any CPU.ActiveCfg = Release|Any CPU
		{22CBB051-2527-4C57-9798-943521076415}.Release|ARM.ActiveCfg = Release|Any CPU
		{22CBB051-2527-4C57-9798-943521076415}.Release|ARM.Build.0 = Release|Any CPU
		{22CBB051-2527-4C57-9798-943521076415}.Release|ARM.Deploy.0 = Release|Any CPU
		{22CBB051-2527-4C57-9798-943521076415}.Release|iPhone.ActiveCfg = Release|Any CPU
		{22CBB051-2527-4C57-9798-943521076415}.Release|iPhone.Build.0 = Release|Any CPU
		{22CBB051-2527-4C57-9798-943521076415}.Release|iPhoneSimulator.ActiveCfg = Release|Any CPU
		{22CBB051-2527-4C57-9798-943521076415}.Release|iPhoneSimulator.Build.0 = Release|Any CPU
		{22CBB051-2527-4C57-9798-943521076415}.Release|x64.ActiveCfg = Release|Any CPU
		{22CBB051-2527-4C57-9798-943521076415}.Release|x64.Build.0 = Release|Any CPU
		{22CBB051-2527-4C57-9798-943521076415}.Release|x64.Deploy.0 = Release|Any CPU
		{22CBB051-2527-4C57-9798-943521076415}.Release|x86.ActiveCfg = Release|Any CPU
		{22CBB051-2527-4C57-9798-943521076415}.Release|x86.Build.0 = Release|Any CPU
		{22CBB051-2527-4C57-9798-943521076415}.Release|x86.Deploy.0 = Release|Any CPU
		{C8A3721B-DB4C-4725-B998-9AE90B280048}.Debug|Any CPU.ActiveCfg = Debug|iPhoneSimulator
		{C8A3721B-DB4C-4725-B998-9AE90B280048}.Debug|Any CPU.Build.0 = Debug|iPhoneSimulator
		{C8A3721B-DB4C-4725-B998-9AE90B280048}.Debug|ARM.ActiveCfg = Debug|iPhone
		{C8A3721B-DB4C-4725-B998-9AE90B280048}.Debug|iPhone.ActiveCfg = Debug|iPhone
		{C8A3721B-DB4C-4725-B998-9AE90B280048}.Debug|iPhone.Build.0 = Debug|iPhone
		{C8A3721B-DB4C-4725-B998-9AE90B280048}.Debug|iPhoneSimulator.ActiveCfg = Debug|iPhoneSimulator
		{C8A3721B-DB4C-4725-B998-9AE90B280048}.Debug|iPhoneSimulator.Build.0 = Debug|iPhoneSimulator
		{C8A3721B-DB4C-4725-B998-9AE90B280048}.Debug|x64.ActiveCfg = Debug|iPhone
		{C8A3721B-DB4C-4725-B998-9AE90B280048}.Debug|x86.ActiveCfg = Debug|iPhone
		{C8A3721B-DB4C-4725-B998-9AE90B280048}.Release|Any CPU.ActiveCfg = Release|iPhone
		{C8A3721B-DB4C-4725-B998-9AE90B280048}.Release|ARM.ActiveCfg = Release|iPhoneSimulator
		{C8A3721B-DB4C-4725-B998-9AE90B280048}.Release|iPhone.ActiveCfg = Release|iPhone
		{C8A3721B-DB4C-4725-B998-9AE90B280048}.Release|iPhone.Build.0 = Release|iPhone
		{C8A3721B-DB4C-4725-B998-9AE90B280048}.Release|iPhoneSimulator.ActiveCfg = Release|iPhoneSimulator
		{C8A3721B-DB4C-4725-B998-9AE90B280048}.Release|iPhoneSimulator.Build.0 = Release|iPhoneSimulator
		{C8A3721B-DB4C-4725-B998-9AE90B280048}.Release|x64.ActiveCfg = Release|iPhoneSimulator
		{C8A3721B-DB4C-4725-B998-9AE90B280048}.Release|x86.ActiveCfg = Release|iPhoneSimulator
		{11FB2A36-E584-49E7-8688-AA1B6526BA91}.Debug|Any CPU.ActiveCfg = Debug|Any CPU
		{11FB2A36-E584-49E7-8688-AA1B6526BA91}.Debug|Any CPU.Build.0 = Debug|Any CPU
		{11FB2A36-E584-49E7-8688-AA1B6526BA91}.Debug|ARM.ActiveCfg = Debug|Any CPU
		{11FB2A36-E584-49E7-8688-AA1B6526BA91}.Debug|ARM.Build.0 = Debug|Any CPU
		{11FB2A36-E584-49E7-8688-AA1B6526BA91}.Debug|iPhone.ActiveCfg = Debug|Any CPU
		{11FB2A36-E584-49E7-8688-AA1B6526BA91}.Debug|iPhone.Build.0 = Debug|Any CPU
		{11FB2A36-E584-49E7-8688-AA1B6526BA91}.Debug|iPhoneSimulator.ActiveCfg = Debug|Any CPU
		{11FB2A36-E584-49E7-8688-AA1B6526BA91}.Debug|iPhoneSimulator.Build.0 = Debug|Any CPU
		{11FB2A36-E584-49E7-8688-AA1B6526BA91}.Debug|x64.ActiveCfg = Debug|Any CPU
		{11FB2A36-E584-49E7-8688-AA1B6526BA91}.Debug|x64.Build.0 = Debug|Any CPU
		{11FB2A36-E584-49E7-8688-AA1B6526BA91}.Debug|x86.ActiveCfg = Debug|Any CPU
		{11FB2A36-E584-49E7-8688-AA1B6526BA91}.Debug|x86.Build.0 = Debug|Any CPU
		{11FB2A36-E584-49E7-8688-AA1B6526BA91}.Release|Any CPU.ActiveCfg = Release|Any CPU
		{11FB2A36-E584-49E7-8688-AA1B6526BA91}.Release|ARM.ActiveCfg = Release|Any CPU
		{11FB2A36-E584-49E7-8688-AA1B6526BA91}.Release|ARM.Build.0 = Release|Any CPU
		{11FB2A36-E584-49E7-8688-AA1B6526BA91}.Release|iPhone.ActiveCfg = Release|Any CPU
		{11FB2A36-E584-49E7-8688-AA1B6526BA91}.Release|iPhone.Build.0 = Release|Any CPU
		{11FB2A36-E584-49E7-8688-AA1B6526BA91}.Release|iPhoneSimulator.ActiveCfg = Release|Any CPU
		{11FB2A36-E584-49E7-8688-AA1B6526BA91}.Release|iPhoneSimulator.Build.0 = Release|Any CPU
		{11FB2A36-E584-49E7-8688-AA1B6526BA91}.Release|x64.ActiveCfg = Release|Any CPU
		{11FB2A36-E584-49E7-8688-AA1B6526BA91}.Release|x64.Build.0 = Release|Any CPU
		{11FB2A36-E584-49E7-8688-AA1B6526BA91}.Release|x86.ActiveCfg = Release|Any CPU
		{11FB2A36-E584-49E7-8688-AA1B6526BA91}.Release|x86.Build.0 = Release|Any CPU
		{C85BBFCF-8F67-443B-A3EB-AF64A2A9A527}.Debug|Any CPU.ActiveCfg = Debug|Any CPU
		{C85BBFCF-8F67-443B-A3EB-AF64A2A9A527}.Debug|Any CPU.Build.0 = Debug|Any CPU
		{C85BBFCF-8F67-443B-A3EB-AF64A2A9A527}.Debug|ARM.ActiveCfg = Debug|Any CPU
		{C85BBFCF-8F67-443B-A3EB-AF64A2A9A527}.Debug|ARM.Build.0 = Debug|Any CPU
		{C85BBFCF-8F67-443B-A3EB-AF64A2A9A527}.Debug|iPhone.ActiveCfg = Debug|Any CPU
		{C85BBFCF-8F67-443B-A3EB-AF64A2A9A527}.Debug|iPhone.Build.0 = Debug|Any CPU
		{C85BBFCF-8F67-443B-A3EB-AF64A2A9A527}.Debug|iPhoneSimulator.ActiveCfg = Debug|Any CPU
		{C85BBFCF-8F67-443B-A3EB-AF64A2A9A527}.Debug|iPhoneSimulator.Build.0 = Debug|Any CPU
		{C85BBFCF-8F67-443B-A3EB-AF64A2A9A527}.Debug|x64.ActiveCfg = Debug|Any CPU
		{C85BBFCF-8F67-443B-A3EB-AF64A2A9A527}.Debug|x64.Build.0 = Debug|Any CPU
		{C85BBFCF-8F67-443B-A3EB-AF64A2A9A527}.Debug|x86.ActiveCfg = Debug|Any CPU
		{C85BBFCF-8F67-443B-A3EB-AF64A2A9A527}.Debug|x86.Build.0 = Debug|Any CPU
		{C85BBFCF-8F67-443B-A3EB-AF64A2A9A527}.Release|Any CPU.ActiveCfg = Release|Any CPU
		{C85BBFCF-8F67-443B-A3EB-AF64A2A9A527}.Release|Any CPU.Build.0 = Release|Any CPU
		{C85BBFCF-8F67-443B-A3EB-AF64A2A9A527}.Release|ARM.ActiveCfg = Release|Any CPU
		{C85BBFCF-8F67-443B-A3EB-AF64A2A9A527}.Release|ARM.Build.0 = Release|Any CPU
		{C85BBFCF-8F67-443B-A3EB-AF64A2A9A527}.Release|iPhone.ActiveCfg = Release|Any CPU
		{C85BBFCF-8F67-443B-A3EB-AF64A2A9A527}.Release|iPhone.Build.0 = Release|Any CPU
		{C85BBFCF-8F67-443B-A3EB-AF64A2A9A527}.Release|iPhoneSimulator.ActiveCfg = Release|Any CPU
		{C85BBFCF-8F67-443B-A3EB-AF64A2A9A527}.Release|iPhoneSimulator.Build.0 = Release|Any CPU
		{C85BBFCF-8F67-443B-A3EB-AF64A2A9A527}.Release|x64.ActiveCfg = Release|Any CPU
		{C85BBFCF-8F67-443B-A3EB-AF64A2A9A527}.Release|x64.Build.0 = Release|Any CPU
		{C85BBFCF-8F67-443B-A3EB-AF64A2A9A527}.Release|x86.ActiveCfg = Release|Any CPU
		{C85BBFCF-8F67-443B-A3EB-AF64A2A9A527}.Release|x86.Build.0 = Release|Any CPU
		{02BC4E8D-87C9-4D47-BAC3-1B5C4E22270B}.Debug|Any CPU.ActiveCfg = Debug|Any CPU
		{02BC4E8D-87C9-4D47-BAC3-1B5C4E22270B}.Debug|Any CPU.Build.0 = Debug|Any CPU
		{02BC4E8D-87C9-4D47-BAC3-1B5C4E22270B}.Debug|ARM.ActiveCfg = Debug|Any CPU
		{02BC4E8D-87C9-4D47-BAC3-1B5C4E22270B}.Debug|ARM.Build.0 = Debug|Any CPU
		{02BC4E8D-87C9-4D47-BAC3-1B5C4E22270B}.Debug|ARM.Deploy.0 = Debug|Any CPU
		{02BC4E8D-87C9-4D47-BAC3-1B5C4E22270B}.Debug|iPhone.ActiveCfg = Debug|Any CPU
		{02BC4E8D-87C9-4D47-BAC3-1B5C4E22270B}.Debug|iPhone.Build.0 = Debug|Any CPU
		{02BC4E8D-87C9-4D47-BAC3-1B5C4E22270B}.Debug|iPhoneSimulator.ActiveCfg = Debug|Any CPU
		{02BC4E8D-87C9-4D47-BAC3-1B5C4E22270B}.Debug|iPhoneSimulator.Build.0 = Debug|Any CPU
		{02BC4E8D-87C9-4D47-BAC3-1B5C4E22270B}.Debug|x64.ActiveCfg = Debug|Any CPU
		{02BC4E8D-87C9-4D47-BAC3-1B5C4E22270B}.Debug|x64.Build.0 = Debug|Any CPU
		{02BC4E8D-87C9-4D47-BAC3-1B5C4E22270B}.Debug|x64.Deploy.0 = Debug|Any CPU
		{02BC4E8D-87C9-4D47-BAC3-1B5C4E22270B}.Debug|x86.ActiveCfg = Debug|Any CPU
		{02BC4E8D-87C9-4D47-BAC3-1B5C4E22270B}.Debug|x86.Build.0 = Debug|Any CPU
		{02BC4E8D-87C9-4D47-BAC3-1B5C4E22270B}.Debug|x86.Deploy.0 = Debug|Any CPU
		{02BC4E8D-87C9-4D47-BAC3-1B5C4E22270B}.Release|Any CPU.ActiveCfg = Release|Any CPU
		{02BC4E8D-87C9-4D47-BAC3-1B5C4E22270B}.Release|Any CPU.Build.0 = Release|Any CPU
		{02BC4E8D-87C9-4D47-BAC3-1B5C4E22270B}.Release|ARM.ActiveCfg = Release|Any CPU
		{02BC4E8D-87C9-4D47-BAC3-1B5C4E22270B}.Release|ARM.Build.0 = Release|Any CPU
		{02BC4E8D-87C9-4D47-BAC3-1B5C4E22270B}.Release|ARM.Deploy.0 = Release|Any CPU
		{02BC4E8D-87C9-4D47-BAC3-1B5C4E22270B}.Release|iPhone.ActiveCfg = Release|Any CPU
		{02BC4E8D-87C9-4D47-BAC3-1B5C4E22270B}.Release|iPhone.Build.0 = Release|Any CPU
		{02BC4E8D-87C9-4D47-BAC3-1B5C4E22270B}.Release|iPhoneSimulator.ActiveCfg = Release|Any CPU
		{02BC4E8D-87C9-4D47-BAC3-1B5C4E22270B}.Release|iPhoneSimulator.Build.0 = Release|Any CPU
		{02BC4E8D-87C9-4D47-BAC3-1B5C4E22270B}.Release|x64.ActiveCfg = Release|Any CPU
		{02BC4E8D-87C9-4D47-BAC3-1B5C4E22270B}.Release|x64.Build.0 = Release|Any CPU
		{02BC4E8D-87C9-4D47-BAC3-1B5C4E22270B}.Release|x64.Deploy.0 = Release|Any CPU
		{02BC4E8D-87C9-4D47-BAC3-1B5C4E22270B}.Release|x86.ActiveCfg = Release|Any CPU
		{02BC4E8D-87C9-4D47-BAC3-1B5C4E22270B}.Release|x86.Build.0 = Release|Any CPU
		{02BC4E8D-87C9-4D47-BAC3-1B5C4E22270B}.Release|x86.Deploy.0 = Release|Any CPU
		{A1D37AEF-5A9B-4184-84E3-02828764A369}.Debug|Any CPU.ActiveCfg = Debug|iPhoneSimulator
		{A1D37AEF-5A9B-4184-84E3-02828764A369}.Debug|Any CPU.Build.0 = Debug|iPhoneSimulator
		{A1D37AEF-5A9B-4184-84E3-02828764A369}.Debug|ARM.ActiveCfg = Debug|iPhone
		{A1D37AEF-5A9B-4184-84E3-02828764A369}.Debug|iPhone.ActiveCfg = Debug|iPhone
		{A1D37AEF-5A9B-4184-84E3-02828764A369}.Debug|iPhone.Build.0 = Debug|iPhone
		{A1D37AEF-5A9B-4184-84E3-02828764A369}.Debug|iPhoneSimulator.ActiveCfg = Debug|iPhoneSimulator
		{A1D37AEF-5A9B-4184-84E3-02828764A369}.Debug|iPhoneSimulator.Build.0 = Debug|iPhoneSimulator
		{A1D37AEF-5A9B-4184-84E3-02828764A369}.Debug|x64.ActiveCfg = Debug|iPhone
		{A1D37AEF-5A9B-4184-84E3-02828764A369}.Debug|x86.ActiveCfg = Debug|iPhone
		{A1D37AEF-5A9B-4184-84E3-02828764A369}.Release|Any CPU.ActiveCfg = Release|iPhone
		{A1D37AEF-5A9B-4184-84E3-02828764A369}.Release|Any CPU.Build.0 = Release|iPhone
		{A1D37AEF-5A9B-4184-84E3-02828764A369}.Release|ARM.ActiveCfg = Release|iPhoneSimulator
		{A1D37AEF-5A9B-4184-84E3-02828764A369}.Release|iPhone.ActiveCfg = Release|iPhone
		{A1D37AEF-5A9B-4184-84E3-02828764A369}.Release|iPhone.Build.0 = Release|iPhone
		{A1D37AEF-5A9B-4184-84E3-02828764A369}.Release|iPhoneSimulator.ActiveCfg = Release|iPhoneSimulator
		{A1D37AEF-5A9B-4184-84E3-02828764A369}.Release|iPhoneSimulator.Build.0 = Release|iPhoneSimulator
		{A1D37AEF-5A9B-4184-84E3-02828764A369}.Release|x64.ActiveCfg = Release|iPhoneSimulator
		{A1D37AEF-5A9B-4184-84E3-02828764A369}.Release|x86.ActiveCfg = Release|iPhoneSimulator
		{83C1F64B-22F2-4FEA-9A8C-0450521196D7}.Debug|Any CPU.ActiveCfg = Debug|Any CPU
		{83C1F64B-22F2-4FEA-9A8C-0450521196D7}.Debug|Any CPU.Build.0 = Debug|Any CPU
		{83C1F64B-22F2-4FEA-9A8C-0450521196D7}.Debug|ARM.ActiveCfg = Debug|Any CPU
		{83C1F64B-22F2-4FEA-9A8C-0450521196D7}.Debug|ARM.Build.0 = Debug|Any CPU
		{83C1F64B-22F2-4FEA-9A8C-0450521196D7}.Debug|iPhone.ActiveCfg = Debug|Any CPU
		{83C1F64B-22F2-4FEA-9A8C-0450521196D7}.Debug|iPhone.Build.0 = Debug|Any CPU
		{83C1F64B-22F2-4FEA-9A8C-0450521196D7}.Debug|iPhoneSimulator.ActiveCfg = Debug|Any CPU
		{83C1F64B-22F2-4FEA-9A8C-0450521196D7}.Debug|iPhoneSimulator.Build.0 = Debug|Any CPU
		{83C1F64B-22F2-4FEA-9A8C-0450521196D7}.Debug|x64.ActiveCfg = Debug|Any CPU
		{83C1F64B-22F2-4FEA-9A8C-0450521196D7}.Debug|x64.Build.0 = Debug|Any CPU
		{83C1F64B-22F2-4FEA-9A8C-0450521196D7}.Debug|x86.ActiveCfg = Debug|Any CPU
		{83C1F64B-22F2-4FEA-9A8C-0450521196D7}.Debug|x86.Build.0 = Debug|Any CPU
		{83C1F64B-22F2-4FEA-9A8C-0450521196D7}.Release|Any CPU.ActiveCfg = Release|Any CPU
		{83C1F64B-22F2-4FEA-9A8C-0450521196D7}.Release|Any CPU.Build.0 = Release|Any CPU
		{83C1F64B-22F2-4FEA-9A8C-0450521196D7}.Release|ARM.ActiveCfg = Release|Any CPU
		{83C1F64B-22F2-4FEA-9A8C-0450521196D7}.Release|ARM.Build.0 = Release|Any CPU
		{83C1F64B-22F2-4FEA-9A8C-0450521196D7}.Release|iPhone.ActiveCfg = Release|Any CPU
		{83C1F64B-22F2-4FEA-9A8C-0450521196D7}.Release|iPhone.Build.0 = Release|Any CPU
		{83C1F64B-22F2-4FEA-9A8C-0450521196D7}.Release|iPhoneSimulator.ActiveCfg = Release|Any CPU
		{83C1F64B-22F2-4FEA-9A8C-0450521196D7}.Release|iPhoneSimulator.Build.0 = Release|Any CPU
		{83C1F64B-22F2-4FEA-9A8C-0450521196D7}.Release|x64.ActiveCfg = Release|Any CPU
		{83C1F64B-22F2-4FEA-9A8C-0450521196D7}.Release|x64.Build.0 = Release|Any CPU
		{83C1F64B-22F2-4FEA-9A8C-0450521196D7}.Release|x86.ActiveCfg = Release|Any CPU
		{83C1F64B-22F2-4FEA-9A8C-0450521196D7}.Release|x86.Build.0 = Release|Any CPU
		{D39790C7-AC7D-4BD8-8054-50455014FBC4}.Debug|Any CPU.ActiveCfg = Debug|Any CPU
		{D39790C7-AC7D-4BD8-8054-50455014FBC4}.Debug|Any CPU.Build.0 = Debug|Any CPU
		{D39790C7-AC7D-4BD8-8054-50455014FBC4}.Debug|ARM.ActiveCfg = Debug|Any CPU
		{D39790C7-AC7D-4BD8-8054-50455014FBC4}.Debug|ARM.Build.0 = Debug|Any CPU
		{D39790C7-AC7D-4BD8-8054-50455014FBC4}.Debug|iPhone.ActiveCfg = Debug|Any CPU
		{D39790C7-AC7D-4BD8-8054-50455014FBC4}.Debug|iPhone.Build.0 = Debug|Any CPU
		{D39790C7-AC7D-4BD8-8054-50455014FBC4}.Debug|iPhoneSimulator.ActiveCfg = Debug|Any CPU
		{D39790C7-AC7D-4BD8-8054-50455014FBC4}.Debug|iPhoneSimulator.Build.0 = Debug|Any CPU
		{D39790C7-AC7D-4BD8-8054-50455014FBC4}.Debug|x64.ActiveCfg = Debug|Any CPU
		{D39790C7-AC7D-4BD8-8054-50455014FBC4}.Debug|x64.Build.0 = Debug|Any CPU
		{D39790C7-AC7D-4BD8-8054-50455014FBC4}.Debug|x86.ActiveCfg = Debug|Any CPU
		{D39790C7-AC7D-4BD8-8054-50455014FBC4}.Debug|x86.Build.0 = Debug|Any CPU
		{D39790C7-AC7D-4BD8-8054-50455014FBC4}.Release|Any CPU.ActiveCfg = Release|Any CPU
		{D39790C7-AC7D-4BD8-8054-50455014FBC4}.Release|Any CPU.Build.0 = Release|Any CPU
		{D39790C7-AC7D-4BD8-8054-50455014FBC4}.Release|ARM.ActiveCfg = Release|Any CPU
		{D39790C7-AC7D-4BD8-8054-50455014FBC4}.Release|ARM.Build.0 = Release|Any CPU
		{D39790C7-AC7D-4BD8-8054-50455014FBC4}.Release|iPhone.ActiveCfg = Release|Any CPU
		{D39790C7-AC7D-4BD8-8054-50455014FBC4}.Release|iPhone.Build.0 = Release|Any CPU
		{D39790C7-AC7D-4BD8-8054-50455014FBC4}.Release|iPhoneSimulator.ActiveCfg = Release|Any CPU
		{D39790C7-AC7D-4BD8-8054-50455014FBC4}.Release|iPhoneSimulator.Build.0 = Release|Any CPU
		{D39790C7-AC7D-4BD8-8054-50455014FBC4}.Release|x64.ActiveCfg = Release|Any CPU
		{D39790C7-AC7D-4BD8-8054-50455014FBC4}.Release|x64.Build.0 = Release|Any CPU
		{D39790C7-AC7D-4BD8-8054-50455014FBC4}.Release|x86.ActiveCfg = Release|Any CPU
		{D39790C7-AC7D-4BD8-8054-50455014FBC4}.Release|x86.Build.0 = Release|Any CPU
		{C44D8304-C3EB-4CBA-A74F-04566474F377}.Debug|Any CPU.ActiveCfg = Debug|Any CPU
		{C44D8304-C3EB-4CBA-A74F-04566474F377}.Debug|Any CPU.Build.0 = Debug|Any CPU
		{C44D8304-C3EB-4CBA-A74F-04566474F377}.Debug|ARM.ActiveCfg = Debug|Any CPU
		{C44D8304-C3EB-4CBA-A74F-04566474F377}.Debug|ARM.Build.0 = Debug|Any CPU
		{C44D8304-C3EB-4CBA-A74F-04566474F377}.Debug|iPhone.ActiveCfg = Debug|Any CPU
		{C44D8304-C3EB-4CBA-A74F-04566474F377}.Debug|iPhone.Build.0 = Debug|Any CPU
		{C44D8304-C3EB-4CBA-A74F-04566474F377}.Debug|iPhoneSimulator.ActiveCfg = Debug|Any CPU
		{C44D8304-C3EB-4CBA-A74F-04566474F377}.Debug|iPhoneSimulator.Build.0 = Debug|Any CPU
		{C44D8304-C3EB-4CBA-A74F-04566474F377}.Debug|x64.ActiveCfg = Debug|Any CPU
		{C44D8304-C3EB-4CBA-A74F-04566474F377}.Debug|x64.Build.0 = Debug|Any CPU
		{C44D8304-C3EB-4CBA-A74F-04566474F377}.Debug|x86.ActiveCfg = Debug|Any CPU
		{C44D8304-C3EB-4CBA-A74F-04566474F377}.Debug|x86.Build.0 = Debug|Any CPU
		{C44D8304-C3EB-4CBA-A74F-04566474F377}.Release|Any CPU.ActiveCfg = Release|Any CPU
		{C44D8304-C3EB-4CBA-A74F-04566474F377}.Release|Any CPU.Build.0 = Release|Any CPU
		{C44D8304-C3EB-4CBA-A74F-04566474F377}.Release|ARM.ActiveCfg = Release|Any CPU
		{C44D8304-C3EB-4CBA-A74F-04566474F377}.Release|ARM.Build.0 = Release|Any CPU
		{C44D8304-C3EB-4CBA-A74F-04566474F377}.Release|iPhone.ActiveCfg = Release|Any CPU
		{C44D8304-C3EB-4CBA-A74F-04566474F377}.Release|iPhone.Build.0 = Release|Any CPU
		{C44D8304-C3EB-4CBA-A74F-04566474F377}.Release|iPhoneSimulator.ActiveCfg = Release|Any CPU
		{C44D8304-C3EB-4CBA-A74F-04566474F377}.Release|iPhoneSimulator.Build.0 = Release|Any CPU
		{C44D8304-C3EB-4CBA-A74F-04566474F377}.Release|x64.ActiveCfg = Release|Any CPU
		{C44D8304-C3EB-4CBA-A74F-04566474F377}.Release|x64.Build.0 = Release|Any CPU
		{C44D8304-C3EB-4CBA-A74F-04566474F377}.Release|x86.ActiveCfg = Release|Any CPU
		{C44D8304-C3EB-4CBA-A74F-04566474F377}.Release|x86.Build.0 = Release|Any CPU
		{7BCDDD8D-1E71-404C-B870-6601B37EBDF5}.Debug|Any CPU.ActiveCfg = Debug|Any CPU
		{7BCDDD8D-1E71-404C-B870-6601B37EBDF5}.Debug|Any CPU.Build.0 = Debug|Any CPU
		{7BCDDD8D-1E71-404C-B870-6601B37EBDF5}.Debug|ARM.ActiveCfg = Debug|Any CPU
		{7BCDDD8D-1E71-404C-B870-6601B37EBDF5}.Debug|ARM.Build.0 = Debug|Any CPU
		{7BCDDD8D-1E71-404C-B870-6601B37EBDF5}.Debug|iPhone.ActiveCfg = Debug|Any CPU
		{7BCDDD8D-1E71-404C-B870-6601B37EBDF5}.Debug|iPhone.Build.0 = Debug|Any CPU
		{7BCDDD8D-1E71-404C-B870-6601B37EBDF5}.Debug|iPhoneSimulator.ActiveCfg = Debug|Any CPU
		{7BCDDD8D-1E71-404C-B870-6601B37EBDF5}.Debug|iPhoneSimulator.Build.0 = Debug|Any CPU
		{7BCDDD8D-1E71-404C-B870-6601B37EBDF5}.Debug|x64.ActiveCfg = Debug|Any CPU
		{7BCDDD8D-1E71-404C-B870-6601B37EBDF5}.Debug|x64.Build.0 = Debug|Any CPU
		{7BCDDD8D-1E71-404C-B870-6601B37EBDF5}.Debug|x86.ActiveCfg = Debug|Any CPU
		{7BCDDD8D-1E71-404C-B870-6601B37EBDF5}.Debug|x86.Build.0 = Debug|Any CPU
		{7BCDDD8D-1E71-404C-B870-6601B37EBDF5}.Release|Any CPU.ActiveCfg = Release|Any CPU
		{7BCDDD8D-1E71-404C-B870-6601B37EBDF5}.Release|Any CPU.Build.0 = Release|Any CPU
		{7BCDDD8D-1E71-404C-B870-6601B37EBDF5}.Release|ARM.ActiveCfg = Release|Any CPU
		{7BCDDD8D-1E71-404C-B870-6601B37EBDF5}.Release|ARM.Build.0 = Release|Any CPU
		{7BCDDD8D-1E71-404C-B870-6601B37EBDF5}.Release|iPhone.ActiveCfg = Release|Any CPU
		{7BCDDD8D-1E71-404C-B870-6601B37EBDF5}.Release|iPhone.Build.0 = Release|Any CPU
		{7BCDDD8D-1E71-404C-B870-6601B37EBDF5}.Release|iPhoneSimulator.ActiveCfg = Release|Any CPU
		{7BCDDD8D-1E71-404C-B870-6601B37EBDF5}.Release|iPhoneSimulator.Build.0 = Release|Any CPU
		{7BCDDD8D-1E71-404C-B870-6601B37EBDF5}.Release|x64.ActiveCfg = Release|Any CPU
		{7BCDDD8D-1E71-404C-B870-6601B37EBDF5}.Release|x64.Build.0 = Release|Any CPU
		{7BCDDD8D-1E71-404C-B870-6601B37EBDF5}.Release|x86.ActiveCfg = Release|Any CPU
		{7BCDDD8D-1E71-404C-B870-6601B37EBDF5}.Release|x86.Build.0 = Release|Any CPU
		{A7993891-5CFE-44DF-BB60-ADF7F0DCC4DE}.Debug|Any CPU.ActiveCfg = Debug|x86
		{A7993891-5CFE-44DF-BB60-ADF7F0DCC4DE}.Debug|Any CPU.Build.0 = Debug|x86
		{A7993891-5CFE-44DF-BB60-ADF7F0DCC4DE}.Debug|Any CPU.Deploy.0 = Debug|x86
		{A7993891-5CFE-44DF-BB60-ADF7F0DCC4DE}.Debug|ARM.ActiveCfg = Debug|ARM
		{A7993891-5CFE-44DF-BB60-ADF7F0DCC4DE}.Debug|ARM.Build.0 = Debug|ARM
		{A7993891-5CFE-44DF-BB60-ADF7F0DCC4DE}.Debug|ARM.Deploy.0 = Debug|ARM
		{A7993891-5CFE-44DF-BB60-ADF7F0DCC4DE}.Debug|iPhone.ActiveCfg = Debug|x86
		{A7993891-5CFE-44DF-BB60-ADF7F0DCC4DE}.Debug|iPhoneSimulator.ActiveCfg = Debug|x86
		{A7993891-5CFE-44DF-BB60-ADF7F0DCC4DE}.Debug|x64.ActiveCfg = Debug|x64
		{A7993891-5CFE-44DF-BB60-ADF7F0DCC4DE}.Debug|x64.Build.0 = Debug|x64
		{A7993891-5CFE-44DF-BB60-ADF7F0DCC4DE}.Debug|x64.Deploy.0 = Debug|x64
		{A7993891-5CFE-44DF-BB60-ADF7F0DCC4DE}.Debug|x86.ActiveCfg = Debug|x86
		{A7993891-5CFE-44DF-BB60-ADF7F0DCC4DE}.Debug|x86.Build.0 = Debug|x86
		{A7993891-5CFE-44DF-BB60-ADF7F0DCC4DE}.Debug|x86.Deploy.0 = Debug|x86
		{A7993891-5CFE-44DF-BB60-ADF7F0DCC4DE}.Release|Any CPU.ActiveCfg = Release|x86
		{A7993891-5CFE-44DF-BB60-ADF7F0DCC4DE}.Release|ARM.ActiveCfg = Release|ARM
		{A7993891-5CFE-44DF-BB60-ADF7F0DCC4DE}.Release|ARM.Build.0 = Release|ARM
		{A7993891-5CFE-44DF-BB60-ADF7F0DCC4DE}.Release|ARM.Deploy.0 = Release|ARM
		{A7993891-5CFE-44DF-BB60-ADF7F0DCC4DE}.Release|iPhone.ActiveCfg = Release|x86
		{A7993891-5CFE-44DF-BB60-ADF7F0DCC4DE}.Release|iPhoneSimulator.ActiveCfg = Release|x86
		{A7993891-5CFE-44DF-BB60-ADF7F0DCC4DE}.Release|x64.ActiveCfg = Release|x64
		{A7993891-5CFE-44DF-BB60-ADF7F0DCC4DE}.Release|x64.Build.0 = Release|x64
		{A7993891-5CFE-44DF-BB60-ADF7F0DCC4DE}.Release|x64.Deploy.0 = Release|x64
		{A7993891-5CFE-44DF-BB60-ADF7F0DCC4DE}.Release|x86.ActiveCfg = Release|x86
		{A7993891-5CFE-44DF-BB60-ADF7F0DCC4DE}.Release|x86.Build.0 = Release|x86
		{A7993891-5CFE-44DF-BB60-ADF7F0DCC4DE}.Release|x86.Deploy.0 = Release|x86
	EndGlobalSection
	GlobalSection(SolutionProperties) = preSolution
		HideSolutionNode = FALSE
	EndGlobalSection
	GlobalSection(NestedProjects) = preSolution
		{D6A7696C-0577-4050-9452-2AD84BFE57B7} = {A5888DD9-7661-4B7C-9614-6B1DFA1ED7D3}
		{1BFF5513-5D79-4630-AD32-107B41B19AC8} = {7353CFB5-B69E-4C7A-A034-E935C1C1977B}
		{A34C8EC9-33AD-4F1A-8E0F-F6BC4C2EAE45} = {A5888DD9-7661-4B7C-9614-6B1DFA1ED7D3}
		{663CB275-40CB-4EAC-AFDC-DAA4960A24BB} = {A5888DD9-7661-4B7C-9614-6B1DFA1ED7D3}
		{B3F139BD-B111-4C2A-AB5C-4EA65F23365F} = {68680D7D-8CEC-4FFA-8965-73C6940E4E96}
		{CBA10E8C-5A35-433A-9516-841861BA88B1} = {68680D7D-8CEC-4FFA-8965-73C6940E4E96}
		{7C34C763-0F64-449B-8A78-14D0A4917D49} = {68680D7D-8CEC-4FFA-8965-73C6940E4E96}
		{D6481DF7-4944-4C34-9C17-03A8BBCF8491} = {68680D7D-8CEC-4FFA-8965-73C6940E4E96}
		{22CBB051-2527-4C57-9798-943521076415} = {D6A7696C-0577-4050-9452-2AD84BFE57B7}
		{C8A3721B-DB4C-4725-B998-9AE90B280048} = {663CB275-40CB-4EAC-AFDC-DAA4960A24BB}
		{11FB2A36-E584-49E7-8688-AA1B6526BA91} = {A34C8EC9-33AD-4F1A-8E0F-F6BC4C2EAE45}
		{C85BBFCF-8F67-443B-A3EB-AF64A2A9A527} = {1BFF5513-5D79-4630-AD32-107B41B19AC8}
		{02BC4E8D-87C9-4D47-BAC3-1B5C4E22270B} = {D6A7696C-0577-4050-9452-2AD84BFE57B7}
		{A1D37AEF-5A9B-4184-84E3-02828764A369} = {663CB275-40CB-4EAC-AFDC-DAA4960A24BB}
		{83C1F64B-22F2-4FEA-9A8C-0450521196D7} = {A34C8EC9-33AD-4F1A-8E0F-F6BC4C2EAE45}
		{D39790C7-AC7D-4BD8-8054-50455014FBC4} = {1BFF5513-5D79-4630-AD32-107B41B19AC8}
		{C44D8304-C3EB-4CBA-A74F-04566474F377} = {1BFF5513-5D79-4630-AD32-107B41B19AC8}
		{7BCDDD8D-1E71-404C-B870-6601B37EBDF5} = {1BFF5513-5D79-4630-AD32-107B41B19AC8}
		{B8712E4D-BEF0-443E-992C-C0138CFD35A9} = {A5888DD9-7661-4B7C-9614-6B1DFA1ED7D3}
		{A7993891-5CFE-44DF-BB60-ADF7F0DCC4DE} = {B8712E4D-BEF0-443E-992C-C0138CFD35A9}
	EndGlobalSection
EndGlobal
