
Microsoft Visual Studio Solution File, Format Version 12.00
# Visual Studio 15
VisualStudioVersion = 15.0.26430.12
MinimumVisualStudioVersion = 10.0.40219.1
Project("{2150E333-8FDC-42A3-9474-1A3956D46DE8}") = "Samples", "Samples", "{A5888DD9-7661-4B7C-9614-6B1DFA1ED7D3}"
EndProject
Project("{2150E333-8FDC-42A3-9474-1A3956D46DE8}") = "nuspec", "nuspec", "{3C91ECAD-C8E1-4971-A484-63CCF39AD650}"
	ProjectSection(SolutionItems) = preProject
		nuget.nuspec = nuget.nuspec
	EndProjectSection
EndProject
Project("{2150E333-8FDC-42A3-9474-1A3956D46DE8}") = "Core", "Core", "{68680D7D-8CEC-4FFA-8965-73C6940E4E96}"
EndProject
Project("{2150E333-8FDC-42A3-9474-1A3956D46DE8}") = "Droid", "Droid", "{D6A7696C-0577-4050-9452-2AD84BFE57B7}"
EndProject
Project("{2150E333-8FDC-42A3-9474-1A3956D46DE8}") = "Implementations", "Implementations", "{7353CFB5-B69E-4C7A-A034-E935C1C1977B}"
EndProject
Project("{2150E333-8FDC-42A3-9474-1A3956D46DE8}") = "Droid", "Droid", "{1BFF5513-5D79-4630-AD32-107B41B19AC8}"
EndProject
Project("{2150E333-8FDC-42A3-9474-1A3956D46DE8}") = "Portable", "Portable", "{A34C8EC9-33AD-4F1A-8E0F-F6BC4C2EAE45}"
EndProject
Project("{2150E333-8FDC-42A3-9474-1A3956D46DE8}") = "iOS", "iOS", "{663CB275-40CB-4EAC-AFDC-DAA4960A24BB}"
EndProject
Project("{FAE04EC0-301F-11D3-BF4B-00C04F79EFBC}") = "InsaneNotifications", "Core\Insane.Notifications\InsaneNotifications.csproj", "{B3F139BD-B111-4C2A-AB5C-4EA65F23365F}"
EndProject
Project("{FAE04EC0-301F-11D3-BF4B-00C04F79EFBC}") = "InsaneNotifications.Droid", "Core\Insane.Notifications.Droid\InsaneNotifications.Droid.csproj", "{CBA10E8C-5A35-433A-9516-841861BA88B1}"
EndProject
Project("{FAE04EC0-301F-11D3-BF4B-00C04F79EFBC}") = "InsaneNotifications.IOS", "Core\Insane.Notifications.iOS\InsaneNotifications.IOS.csproj", "{7C34C763-0F64-449B-8A78-14D0A4917D49}"
EndProject
Project("{FAE04EC0-301F-11D3-BF4B-00C04F79EFBC}") = "InsaneNotifications.UWP", "Core\Insane.Notifications.UWP\InsaneNotifications.UWP.csproj", "{D6481DF7-4944-4C34-9C17-03A8BBCF8491}"
EndProject
Project("{FAE04EC0-301F-11D3-BF4B-00C04F79EFBC}") = "Insane.Notifications.Samples.Droid", "Samples\Insane.Notifications.Samples.Droid\Insane.Notifications.Samples.Droid.csproj", "{22CBB051-2527-4C57-9798-943521076415}"
EndProject
Project("{FAE04EC0-301F-11D3-BF4B-00C04F79EFBC}") = "Insane.Notifications.Samples.iOS", "Samples\Insane.Notifications.Samples.iOS\Insane.Notifications.Samples.iOS.csproj", "{C8A3721B-DB4C-4725-B998-9AE90B280048}"
EndProject
Project("{FAE04EC0-301F-11D3-BF4B-00C04F79EFBC}") = "Insane.Notifications.Sample.Portable", "Samples\Insane.Notifications.Sample.Portable\Insane.Notifications.Sample.Portable.csproj", "{11FB2A36-E584-49E7-8688-AA1B6526BA91}"
EndProject
Project("{FAE04EC0-301F-11D3-BF4B-00C04F79EFBC}") = "InsaneNotifications.Droid.GCM", "Implementations\Droid.GCM\InsaneNotifications.Droid.GCM.csproj", "{C44D8304-C3EB-4CBA-A74F-04566474F377}"
EndProject
Project("{FAE04EC0-301F-11D3-BF4B-00C04F79EFBC}") = "Insane.Notifications.Droid.Local", "Implementations\Droid.LocalNotifications\Insane.Notifications.Droid.Local.csproj", "{C85BBFCF-8F67-443B-A3EB-AF64A2A9A527}"
EndProject
Global
	GlobalSection(SolutionConfigurationPlatforms) = preSolution
		Debug|Any CPU = Debug|Any CPU
		Debug|iPhone = Debug|iPhone
		Debug|iPhoneSimulator = Debug|iPhoneSimulator
		Release|Any CPU = Release|Any CPU
		Release|iPhone = Release|iPhone
		Release|iPhoneSimulator = Release|iPhoneSimulator
	EndGlobalSection
	GlobalSection(ProjectConfigurationPlatforms) = postSolution
		{B3F139BD-B111-4C2A-AB5C-4EA65F23365F}.Debug|Any CPU.ActiveCfg = Debug|Any CPU
		{B3F139BD-B111-4C2A-AB5C-4EA65F23365F}.Debug|Any CPU.Build.0 = Debug|Any CPU
		{B3F139BD-B111-4C2A-AB5C-4EA65F23365F}.Debug|iPhone.ActiveCfg = Debug|Any CPU
		{B3F139BD-B111-4C2A-AB5C-4EA65F23365F}.Debug|iPhone.Build.0 = Debug|Any CPU
		{B3F139BD-B111-4C2A-AB5C-4EA65F23365F}.Debug|iPhoneSimulator.ActiveCfg = Debug|Any CPU
		{B3F139BD-B111-4C2A-AB5C-4EA65F23365F}.Debug|iPhoneSimulator.Build.0 = Debug|Any CPU
		{B3F139BD-B111-4C2A-AB5C-4EA65F23365F}.Release|Any CPU.ActiveCfg = Release|Any CPU
		{B3F139BD-B111-4C2A-AB5C-4EA65F23365F}.Release|Any CPU.Build.0 = Release|Any CPU
		{B3F139BD-B111-4C2A-AB5C-4EA65F23365F}.Release|iPhone.ActiveCfg = Release|Any CPU
		{B3F139BD-B111-4C2A-AB5C-4EA65F23365F}.Release|iPhone.Build.0 = Release|Any CPU
		{B3F139BD-B111-4C2A-AB5C-4EA65F23365F}.Release|iPhoneSimulator.ActiveCfg = Release|Any CPU
		{B3F139BD-B111-4C2A-AB5C-4EA65F23365F}.Release|iPhoneSimulator.Build.0 = Release|Any CPU
		{CBA10E8C-5A35-433A-9516-841861BA88B1}.Debug|Any CPU.ActiveCfg = Debug|Any CPU
		{CBA10E8C-5A35-433A-9516-841861BA88B1}.Debug|Any CPU.Build.0 = Debug|Any CPU
		{CBA10E8C-5A35-433A-9516-841861BA88B1}.Debug|iPhone.ActiveCfg = Debug|Any CPU
		{CBA10E8C-5A35-433A-9516-841861BA88B1}.Debug|iPhone.Build.0 = Debug|Any CPU
		{CBA10E8C-5A35-433A-9516-841861BA88B1}.Debug|iPhoneSimulator.ActiveCfg = Debug|Any CPU
		{CBA10E8C-5A35-433A-9516-841861BA88B1}.Debug|iPhoneSimulator.Build.0 = Debug|Any CPU
		{CBA10E8C-5A35-433A-9516-841861BA88B1}.Release|Any CPU.ActiveCfg = Release|Any CPU
		{CBA10E8C-5A35-433A-9516-841861BA88B1}.Release|Any CPU.Build.0 = Release|Any CPU
		{CBA10E8C-5A35-433A-9516-841861BA88B1}.Release|iPhone.ActiveCfg = Release|Any CPU
		{CBA10E8C-5A35-433A-9516-841861BA88B1}.Release|iPhone.Build.0 = Release|Any CPU
		{CBA10E8C-5A35-433A-9516-841861BA88B1}.Release|iPhoneSimulator.ActiveCfg = Release|Any CPU
		{CBA10E8C-5A35-433A-9516-841861BA88B1}.Release|iPhoneSimulator.Build.0 = Release|Any CPU
		{7C34C763-0F64-449B-8A78-14D0A4917D49}.Debug|Any CPU.ActiveCfg = Debug|Any CPU
		{7C34C763-0F64-449B-8A78-14D0A4917D49}.Debug|Any CPU.Build.0 = Debug|Any CPU
		{7C34C763-0F64-449B-8A78-14D0A4917D49}.Debug|iPhone.ActiveCfg = Debug|Any CPU
		{7C34C763-0F64-449B-8A78-14D0A4917D49}.Debug|iPhone.Build.0 = Debug|Any CPU
		{7C34C763-0F64-449B-8A78-14D0A4917D49}.Debug|iPhoneSimulator.ActiveCfg = Debug|Any CPU
		{7C34C763-0F64-449B-8A78-14D0A4917D49}.Debug|iPhoneSimulator.Build.0 = Debug|Any CPU
		{7C34C763-0F64-449B-8A78-14D0A4917D49}.Release|Any CPU.ActiveCfg = Release|Any CPU
		{7C34C763-0F64-449B-8A78-14D0A4917D49}.Release|Any CPU.Build.0 = Release|Any CPU
		{7C34C763-0F64-449B-8A78-14D0A4917D49}.Release|iPhone.ActiveCfg = Release|Any CPU
		{7C34C763-0F64-449B-8A78-14D0A4917D49}.Release|iPhone.Build.0 = Release|Any CPU
		{7C34C763-0F64-449B-8A78-14D0A4917D49}.Release|iPhoneSimulator.ActiveCfg = Release|Any CPU
		{7C34C763-0F64-449B-8A78-14D0A4917D49}.Release|iPhoneSimulator.Build.0 = Release|Any CPU
		{D6481DF7-4944-4C34-9C17-03A8BBCF8491}.Debug|Any CPU.ActiveCfg = Debug|Any CPU
		{D6481DF7-4944-4C34-9C17-03A8BBCF8491}.Debug|Any CPU.Build.0 = Debug|Any CPU
		{D6481DF7-4944-4C34-9C17-03A8BBCF8491}.Debug|iPhone.ActiveCfg = Debug|Any CPU
		{D6481DF7-4944-4C34-9C17-03A8BBCF8491}.Debug|iPhone.Build.0 = Debug|Any CPU
		{D6481DF7-4944-4C34-9C17-03A8BBCF8491}.Debug|iPhoneSimulator.ActiveCfg = Debug|Any CPU
		{D6481DF7-4944-4C34-9C17-03A8BBCF8491}.Debug|iPhoneSimulator.Build.0 = Debug|Any CPU
		{D6481DF7-4944-4C34-9C17-03A8BBCF8491}.Release|Any CPU.ActiveCfg = Release|Any CPU
		{D6481DF7-4944-4C34-9C17-03A8BBCF8491}.Release|Any CPU.Build.0 = Release|Any CPU
		{D6481DF7-4944-4C34-9C17-03A8BBCF8491}.Release|iPhone.ActiveCfg = Release|Any CPU
		{D6481DF7-4944-4C34-9C17-03A8BBCF8491}.Release|iPhone.Build.0 = Release|Any CPU
		{D6481DF7-4944-4C34-9C17-03A8BBCF8491}.Release|iPhoneSimulator.ActiveCfg = Release|Any CPU
		{D6481DF7-4944-4C34-9C17-03A8BBCF8491}.Release|iPhoneSimulator.Build.0 = Release|Any CPU
		{22CBB051-2527-4C57-9798-943521076415}.Debug|Any CPU.ActiveCfg = Debug|Any CPU
		{22CBB051-2527-4C57-9798-943521076415}.Debug|Any CPU.Build.0 = Debug|Any CPU
		{22CBB051-2527-4C57-9798-943521076415}.Debug|iPhone.ActiveCfg = Debug|Any CPU
		{22CBB051-2527-4C57-9798-943521076415}.Debug|iPhone.Build.0 = Debug|Any CPU
		{22CBB051-2527-4C57-9798-943521076415}.Debug|iPhoneSimulator.ActiveCfg = Debug|Any CPU
		{22CBB051-2527-4C57-9798-943521076415}.Debug|iPhoneSimulator.Build.0 = Debug|Any CPU
		{22CBB051-2527-4C57-9798-943521076415}.Release|Any CPU.ActiveCfg = Release|Any CPU
		{22CBB051-2527-4C57-9798-943521076415}.Release|iPhone.ActiveCfg = Release|Any CPU
		{22CBB051-2527-4C57-9798-943521076415}.Release|iPhone.Build.0 = Release|Any CPU
		{22CBB051-2527-4C57-9798-943521076415}.Release|iPhoneSimulator.ActiveCfg = Release|Any CPU
		{22CBB051-2527-4C57-9798-943521076415}.Release|iPhoneSimulator.Build.0 = Release|Any CPU
		{C8A3721B-DB4C-4725-B998-9AE90B280048}.Debug|Any CPU.ActiveCfg = Debug|iPhoneSimulator
		{C8A3721B-DB4C-4725-B998-9AE90B280048}.Debug|Any CPU.Build.0 = Debug|iPhoneSimulator
		{C8A3721B-DB4C-4725-B998-9AE90B280048}.Debug|iPhone.ActiveCfg = Debug|iPhone
		{C8A3721B-DB4C-4725-B998-9AE90B280048}.Debug|iPhone.Build.0 = Debug|iPhone
		{C8A3721B-DB4C-4725-B998-9AE90B280048}.Debug|iPhoneSimulator.ActiveCfg = Debug|iPhoneSimulator
		{C8A3721B-DB4C-4725-B998-9AE90B280048}.Debug|iPhoneSimulator.Build.0 = Debug|iPhoneSimulator
		{C8A3721B-DB4C-4725-B998-9AE90B280048}.Release|Any CPU.ActiveCfg = Release|iPhone
		{C8A3721B-DB4C-4725-B998-9AE90B280048}.Release|iPhone.ActiveCfg = Release|iPhone
		{C8A3721B-DB4C-4725-B998-9AE90B280048}.Release|iPhone.Build.0 = Release|iPhone
		{C8A3721B-DB4C-4725-B998-9AE90B280048}.Release|iPhoneSimulator.ActiveCfg = Release|iPhoneSimulator
		{C8A3721B-DB4C-4725-B998-9AE90B280048}.Release|iPhoneSimulator.Build.0 = Release|iPhoneSimulator
		{11FB2A36-E584-49E7-8688-AA1B6526BA91}.Debug|Any CPU.ActiveCfg = Debug|Any CPU
		{11FB2A36-E584-49E7-8688-AA1B6526BA91}.Debug|Any CPU.Build.0 = Debug|Any CPU
		{11FB2A36-E584-49E7-8688-AA1B6526BA91}.Debug|iPhone.ActiveCfg = Debug|Any CPU
		{11FB2A36-E584-49E7-8688-AA1B6526BA91}.Debug|iPhone.Build.0 = Debug|Any CPU
		{11FB2A36-E584-49E7-8688-AA1B6526BA91}.Debug|iPhoneSimulator.ActiveCfg = Debug|Any CPU
		{11FB2A36-E584-49E7-8688-AA1B6526BA91}.Debug|iPhoneSimulator.Build.0 = Debug|Any CPU
		{11FB2A36-E584-49E7-8688-AA1B6526BA91}.Release|Any CPU.ActiveCfg = Release|Any CPU
		{11FB2A36-E584-49E7-8688-AA1B6526BA91}.Release|iPhone.ActiveCfg = Release|Any CPU
		{11FB2A36-E584-49E7-8688-AA1B6526BA91}.Release|iPhone.Build.0 = Release|Any CPU
		{11FB2A36-E584-49E7-8688-AA1B6526BA91}.Release|iPhoneSimulator.ActiveCfg = Release|Any CPU
		{11FB2A36-E584-49E7-8688-AA1B6526BA91}.Release|iPhoneSimulator.Build.0 = Release|Any CPU
		{C44D8304-C3EB-4CBA-A74F-04566474F377}.Debug|Any CPU.ActiveCfg = Debug|Any CPU
		{C44D8304-C3EB-4CBA-A74F-04566474F377}.Debug|Any CPU.Build.0 = Debug|Any CPU
		{C44D8304-C3EB-4CBA-A74F-04566474F377}.Debug|iPhone.ActiveCfg = Debug|Any CPU
		{C44D8304-C3EB-4CBA-A74F-04566474F377}.Debug|iPhone.Build.0 = Debug|Any CPU
		{C44D8304-C3EB-4CBA-A74F-04566474F377}.Debug|iPhoneSimulator.ActiveCfg = Debug|Any CPU
		{C44D8304-C3EB-4CBA-A74F-04566474F377}.Debug|iPhoneSimulator.Build.0 = Debug|Any CPU
		{C44D8304-C3EB-4CBA-A74F-04566474F377}.Release|Any CPU.ActiveCfg = Release|Any CPU
		{C44D8304-C3EB-4CBA-A74F-04566474F377}.Release|Any CPU.Build.0 = Release|Any CPU
		{C44D8304-C3EB-4CBA-A74F-04566474F377}.Release|iPhone.ActiveCfg = Release|Any CPU
		{C44D8304-C3EB-4CBA-A74F-04566474F377}.Release|iPhone.Build.0 = Release|Any CPU
		{C44D8304-C3EB-4CBA-A74F-04566474F377}.Release|iPhoneSimulator.ActiveCfg = Release|Any CPU
		{C44D8304-C3EB-4CBA-A74F-04566474F377}.Release|iPhoneSimulator.Build.0 = Release|Any CPU
		{C85BBFCF-8F67-443B-A3EB-AF64A2A9A527}.Debug|Any CPU.ActiveCfg = Debug|Any CPU
		{C85BBFCF-8F67-443B-A3EB-AF64A2A9A527}.Debug|Any CPU.Build.0 = Debug|Any CPU
		{C85BBFCF-8F67-443B-A3EB-AF64A2A9A527}.Debug|iPhone.ActiveCfg = Debug|Any CPU
		{C85BBFCF-8F67-443B-A3EB-AF64A2A9A527}.Debug|iPhone.Build.0 = Debug|Any CPU
		{C85BBFCF-8F67-443B-A3EB-AF64A2A9A527}.Debug|iPhoneSimulator.ActiveCfg = Debug|Any CPU
		{C85BBFCF-8F67-443B-A3EB-AF64A2A9A527}.Debug|iPhoneSimulator.Build.0 = Debug|Any CPU
		{C85BBFCF-8F67-443B-A3EB-AF64A2A9A527}.Release|Any CPU.ActiveCfg = Release|Any CPU
		{C85BBFCF-8F67-443B-A3EB-AF64A2A9A527}.Release|Any CPU.Build.0 = Release|Any CPU
		{C85BBFCF-8F67-443B-A3EB-AF64A2A9A527}.Release|iPhone.ActiveCfg = Release|Any CPU
		{C85BBFCF-8F67-443B-A3EB-AF64A2A9A527}.Release|iPhone.Build.0 = Release|Any CPU
		{C85BBFCF-8F67-443B-A3EB-AF64A2A9A527}.Release|iPhoneSimulator.ActiveCfg = Release|Any CPU
		{C85BBFCF-8F67-443B-A3EB-AF64A2A9A527}.Release|iPhoneSimulator.Build.0 = Release|Any CPU
	EndGlobalSection
	GlobalSection(SolutionProperties) = preSolution
		HideSolutionNode = FALSE
	EndGlobalSection
	GlobalSection(NestedProjects) = preSolution
		{D6A7696C-0577-4050-9452-2AD84BFE57B7} = {A5888DD9-7661-4B7C-9614-6B1DFA1ED7D3}
		{1BFF5513-5D79-4630-AD32-107B41B19AC8} = {7353CFB5-B69E-4C7A-A034-E935C1C1977B}
		{A34C8EC9-33AD-4F1A-8E0F-F6BC4C2EAE45} = {A5888DD9-7661-4B7C-9614-6B1DFA1ED7D3}
		{663CB275-40CB-4EAC-AFDC-DAA4960A24BB} = {A5888DD9-7661-4B7C-9614-6B1DFA1ED7D3}
		{B3F139BD-B111-4C2A-AB5C-4EA65F23365F} = {68680D7D-8CEC-4FFA-8965-73C6940E4E96}
		{CBA10E8C-5A35-433A-9516-841861BA88B1} = {68680D7D-8CEC-4FFA-8965-73C6940E4E96}
		{7C34C763-0F64-449B-8A78-14D0A4917D49} = {68680D7D-8CEC-4FFA-8965-73C6940E4E96}
		{D6481DF7-4944-4C34-9C17-03A8BBCF8491} = {68680D7D-8CEC-4FFA-8965-73C6940E4E96}
		{22CBB051-2527-4C57-9798-943521076415} = {D6A7696C-0577-4050-9452-2AD84BFE57B7}
		{C8A3721B-DB4C-4725-B998-9AE90B280048} = {663CB275-40CB-4EAC-AFDC-DAA4960A24BB}
		{11FB2A36-E584-49E7-8688-AA1B6526BA91} = {A34C8EC9-33AD-4F1A-8E0F-F6BC4C2EAE45}
		{C44D8304-C3EB-4CBA-A74F-04566474F377} = {1BFF5513-5D79-4630-AD32-107B41B19AC8}
		{C85BBFCF-8F67-443B-A3EB-AF64A2A9A527} = {1BFF5513-5D79-4630-AD32-107B41B19AC8}
	EndGlobalSection
EndGlobal
