
Microsoft Visual Studio Solution File, Format Version 12.00
# Visual Studio 14
VisualStudioVersion = 14.0.25420.1
MinimumVisualStudioVersion = 10.0.40219.1
Project("{FAE04EC0-301F-11D3-BF4B-00C04F79EFBC}") = "MvvmCross.Plugins.Notifications", "MvvmCross.Plugins.Notifications\MvvmCross.Plugins.Notifications.csproj", "{B3F139BD-B111-4C2A-AB5C-4EA65F23365F}"
EndProject
Project("{FAE04EC0-301F-11D3-BF4B-00C04F79EFBC}") = "MvvmCross.Plugins.Notifications.Droid", "MvvmCross.Plugins.Notifications.Droid\MvvmCross.Plugins.Notifications.Droid.csproj", "{EF89FA96-9597-48CF-B7A1-5DBF4CDC22BA}"
EndProject
Project("{FAE04EC0-301F-11D3-BF4B-00C04F79EFBC}") = "MvvmCross.Plugins.Notifications.IOS", "MvvmCross.Plugins.Notifications.IOS\MvvmCross.Plugins.Notifications.IOS.csproj", "{7C34C763-0F64-449B-8A78-14D0A4917D49}"
EndProject
Project("{2150E333-8FDC-42A3-9474-1A3956D46DE8}") = "Samples", "Samples", "{A5888DD9-7661-4B7C-9614-6B1DFA1ED7D3}"
EndProject
Project("{FAE04EC0-301F-11D3-BF4B-00C04F79EFBC}") = "DroidNotificationsSample", "DroidNotificationsSample\DroidNotificationsSample.csproj", "{047659E9-AF5D-43BA-8287-DCB6F6BEE39D}"
EndProject
Project("{FAE04EC0-301F-11D3-BF4B-00C04F79EFBC}") = "NotificationsSample.Portable", "NotificationsSample.Portable\NotificationsSample.Portable.csproj", "{CA08017B-0878-482E-AD93-034EFB6F5DB8}"
EndProject
Project("{2150E333-8FDC-42A3-9474-1A3956D46DE8}") = "nuspec", "nuspec", "{3C91ECAD-C8E1-4971-A484-63CCF39AD650}"
	ProjectSection(SolutionItems) = preProject
		nuget.nuspec = nuget.nuspec
	EndProjectSection
EndProject
Global
	GlobalSection(SolutionConfigurationPlatforms) = preSolution
		Debug|Any CPU = Debug|Any CPU
		Release|Any CPU = Release|Any CPU
	EndGlobalSection
	GlobalSection(ProjectConfigurationPlatforms) = postSolution
		{B3F139BD-B111-4C2A-AB5C-4EA65F23365F}.Debug|Any CPU.ActiveCfg = Debug|Any CPU
		{B3F139BD-B111-4C2A-AB5C-4EA65F23365F}.Debug|Any CPU.Build.0 = Debug|Any CPU
		{B3F139BD-B111-4C2A-AB5C-4EA65F23365F}.Release|Any CPU.ActiveCfg = Release|Any CPU
		{B3F139BD-B111-4C2A-AB5C-4EA65F23365F}.Release|Any CPU.Build.0 = Release|Any CPU
		{EF89FA96-9597-48CF-B7A1-5DBF4CDC22BA}.Debug|Any CPU.ActiveCfg = Debug|Any CPU
		{EF89FA96-9597-48CF-B7A1-5DBF4CDC22BA}.Debug|Any CPU.Build.0 = Debug|Any CPU
		{EF89FA96-9597-48CF-B7A1-5DBF4CDC22BA}.Release|Any CPU.ActiveCfg = Release|Any CPU
		{EF89FA96-9597-48CF-B7A1-5DBF4CDC22BA}.Release|Any CPU.Build.0 = Release|Any CPU
		{7C34C763-0F64-449B-8A78-14D0A4917D49}.Debug|Any CPU.ActiveCfg = Debug|Any CPU
		{7C34C763-0F64-449B-8A78-14D0A4917D49}.Debug|Any CPU.Build.0 = Debug|Any CPU
		{7C34C763-0F64-449B-8A78-14D0A4917D49}.Release|Any CPU.ActiveCfg = Release|Any CPU
		{7C34C763-0F64-449B-8A78-14D0A4917D49}.Release|Any CPU.Build.0 = Release|Any CPU
		{047659E9-AF5D-43BA-8287-DCB6F6BEE39D}.Debug|Any CPU.ActiveCfg = Debug|Any CPU
		{047659E9-AF5D-43BA-8287-DCB6F6BEE39D}.Debug|Any CPU.Build.0 = Debug|Any CPU
		{047659E9-AF5D-43BA-8287-DCB6F6BEE39D}.Debug|Any CPU.Deploy.0 = Debug|Any CPU
		{047659E9-AF5D-43BA-8287-DCB6F6BEE39D}.Release|Any CPU.ActiveCfg = Release|Any CPU
		{047659E9-AF5D-43BA-8287-DCB6F6BEE39D}.Release|Any CPU.Build.0 = Release|Any CPU
		{047659E9-AF5D-43BA-8287-DCB6F6BEE39D}.Release|Any CPU.Deploy.0 = Release|Any CPU
		{CA08017B-0878-482E-AD93-034EFB6F5DB8}.Debug|Any CPU.ActiveCfg = Debug|Any CPU
		{CA08017B-0878-482E-AD93-034EFB6F5DB8}.Debug|Any CPU.Build.0 = Debug|Any CPU
		{CA08017B-0878-482E-AD93-034EFB6F5DB8}.Release|Any CPU.ActiveCfg = Release|Any CPU
		{CA08017B-0878-482E-AD93-034EFB6F5DB8}.Release|Any CPU.Build.0 = Release|Any CPU
	EndGlobalSection
	GlobalSection(SolutionProperties) = preSolution
		HideSolutionNode = FALSE
	EndGlobalSection
	GlobalSection(NestedProjects) = preSolution
		{047659E9-AF5D-43BA-8287-DCB6F6BEE39D} = {A5888DD9-7661-4B7C-9614-6B1DFA1ED7D3}
		{CA08017B-0878-482E-AD93-034EFB6F5DB8} = {A5888DD9-7661-4B7C-9614-6B1DFA1ED7D3}
	EndGlobalSection
EndGlobal
